
Microsoft Visual Studio Solution File, Format Version 12.00
# Visual Studio Version 17
VisualStudioVersion = 17.0.31903.59
MinimumVisualStudioVersion = 10.0.40219.1
Project("{2150E333-8FDC-42A3-9474-1A3956D46DE8}") = "apps", "apps", "{8380246F-1835-4987-8DC9-9381B11D1AD6}"
EndProject
Project("{FAE04EC0-301F-11D3-BF4B-00C04F79EFBC}") = "IracingEngineer.Agent", "apps\agent\IracingEngineer.Agent.csproj", "{F83202C6-2E99-408C-BF74-EFEA3D248978}"
EndProject
Project("{2150E333-8FDC-42A3-9474-1A3956D46DE8}") = "packages", "packages", "{BDE1D9D5-C13B-499B-817E-E1A86AD99C41}"
EndProject
Project("{FAE04EC0-301F-11D3-BF4B-00C04F79EFBC}") = "IracingEngineer.Strategy", "packages\strategy-engine\IracingEngineer.Strategy.csproj", "{33836D48-015D-4B52-897E-EC6C9EC4FF17}"
EndProject
Project("{2150E333-8FDC-42A3-9474-1A3956D46DE8}") = "strategy-engine", "strategy-engine", "{2581DD49-E26A-4AC0-BF88-2D0EB507755A}"
EndProject
Project("{FAE04EC0-301F-11D3-BF4B-00C04F79EFBC}") = "IracingEngineer.Strategy.Tests", "packages\strategy-engine\tests\IracingEngineer.Strategy.Tests.csproj", "{AE8F84EC-7BEB-4BBB-87FE-B02998C67F1B}"
EndProject
Project("{FAE04EC0-301F-11D3-BF4B-00C04F79EFBC}") = "IracingEngineer.TelemetryCore", "packages\telemetry-core\IracingEngineer.TelemetryCore.csproj", "{3AFBACA2-02DA-438D-B0B4-1B76F5F1A416}"
EndProject
Project("{2150E333-8FDC-42A3-9474-1A3956D46DE8}") = "telemetry-core", "telemetry-core", "{CBA94752-B61C-4F14-B2C4-623EEE4AD5B1}"
EndProject
Project("{FAE04EC0-301F-11D3-BF4B-00C04F79EFBC}") = "IracingEngineer.TelemetryCore.Tests", "packages\telemetry-core\tests\IracingEngineer.TelemetryCore.Tests.csproj", "{48344F1F-8764-41A1-BF38-96061F671E20}"
EndProject
Project("{2150E333-8FDC-42A3-9474-1A3956D46DE8}") = "coaching", "coaching", "{D1620F2F-D210-FF89-0DD7-FEB45FD45674}"
EndProject
Project("{FAE04EC0-301F-11D3-BF4B-00C04F79EFBC}") = "IracingEngineer.Coaching", "packages\coaching\IracingEngineer.Coaching.csproj", "{751FB70D-D168-4710-8B22-A48318A7AAC2}"
EndProject
Project("{2150E333-8FDC-42A3-9474-1A3956D46DE8}") = "tests", "tests", "{6B116ED4-29B4-36D7-C5AD-A5AA32624663}"
EndProject
Project("{FAE04EC0-301F-11D3-BF4B-00C04F79EFBC}") = "IracingEngineer.Coaching.Tests", "packages\coaching\tests\IracingEngineer.Coaching.Tests.csproj", "{3BCD90BF-C90B-4B46-9B14-A135862CF67B}"
EndProject
Project("{2150E333-8FDC-42A3-9474-1A3956D46DE8}") = "journal", "journal", "{C25AD4E7-8F91-0FD8-D560-B3F5F78B8D1F}"
EndProject
Project("{FAE04EC0-301F-11D3-BF4B-00C04F79EFBC}") = "IracingEngineer.Journal", "packages\journal\IracingEngineer.Journal.csproj", "{3A02DAAB-7A8F-4A94-B8DF-BE49A57FFB2B}"
EndProject
Project("{2150E333-8FDC-42A3-9474-1A3956D46DE8}") = "tests", "tests", "{EE113FCA-78A4-F4FD-9E27-249A7DD2D541}"
EndProject
Project("{FAE04EC0-301F-11D3-BF4B-00C04F79EFBC}") = "IracingEngineer.Journal.Tests", "packages\journal\tests\IracingEngineer.Journal.Tests.csproj", "{DE6A1EC0-F6E4-4ED0-9437-2C1E04D31121}"
EndProject
Project("{2150E333-8FDC-42A3-9474-1A3956D46DE8}") = "agent", "agent", "{12074437-40DE-1E74-BBCA-2B99F32BF441}"
EndProject
Project("{2150E333-8FDC-42A3-9474-1A3956D46DE8}") = "tests", "tests", "{29899D93-4FB7-D15A-8849-109469AC32B8}"
EndProject
Project("{FAE04EC0-301F-11D3-BF4B-00C04F79EFBC}") = "IracingEngineer.Agent.Tests", "apps\agent\tests\IracingEngineer.Agent.Tests.csproj", "{DA5E5B2E-453C-4C73-92FE-E5C56A45F1EA}"
EndProject
Global
	GlobalSection(SolutionConfigurationPlatforms) = preSolution
		Debug|Any CPU = Debug|Any CPU
		Debug|x64 = Debug|x64
		Debug|x86 = Debug|x86
		Release|Any CPU = Release|Any CPU
		Release|x64 = Release|x64
		Release|x86 = Release|x86
	EndGlobalSection
	GlobalSection(ProjectConfigurationPlatforms) = postSolution
		{F83202C6-2E99-408C-BF74-EFEA3D248978}.Debug|Any CPU.ActiveCfg = Debug|Any CPU
		{F83202C6-2E99-408C-BF74-EFEA3D248978}.Debug|Any CPU.Build.0 = Debug|Any CPU
		{F83202C6-2E99-408C-BF74-EFEA3D248978}.Debug|x64.ActiveCfg = Debug|Any CPU
		{F83202C6-2E99-408C-BF74-EFEA3D248978}.Debug|x64.Build.0 = Debug|Any CPU
		{F83202C6-2E99-408C-BF74-EFEA3D248978}.Debug|x86.ActiveCfg = Debug|Any CPU
		{F83202C6-2E99-408C-BF74-EFEA3D248978}.Debug|x86.Build.0 = Debug|Any CPU
		{F83202C6-2E99-408C-BF74-EFEA3D248978}.Release|Any CPU.ActiveCfg = Release|Any CPU
		{F83202C6-2E99-408C-BF74-EFEA3D248978}.Release|Any CPU.Build.0 = Release|Any CPU
		{F83202C6-2E99-408C-BF74-EFEA3D248978}.Release|x64.ActiveCfg = Release|Any CPU
		{F83202C6-2E99-408C-BF74-EFEA3D248978}.Release|x64.Build.0 = Release|Any CPU
		{F83202C6-2E99-408C-BF74-EFEA3D248978}.Release|x86.ActiveCfg = Release|Any CPU
		{F83202C6-2E99-408C-BF74-EFEA3D248978}.Release|x86.Build.0 = Release|Any CPU
		{33836D48-015D-4B52-897E-EC6C9EC4FF17}.Debug|Any CPU.ActiveCfg = Debug|Any CPU
		{33836D48-015D-4B52-897E-EC6C9EC4FF17}.Debug|Any CPU.Build.0 = Debug|Any CPU
		{33836D48-015D-4B52-897E-EC6C9EC4FF17}.Debug|x64.ActiveCfg = Debug|Any CPU
		{33836D48-015D-4B52-897E-EC6C9EC4FF17}.Debug|x64.Build.0 = Debug|Any CPU
		{33836D48-015D-4B52-897E-EC6C9EC4FF17}.Debug|x86.ActiveCfg = Debug|Any CPU
		{33836D48-015D-4B52-897E-EC6C9EC4FF17}.Debug|x86.Build.0 = Debug|Any CPU
		{33836D48-015D-4B52-897E-EC6C9EC4FF17}.Release|Any CPU.ActiveCfg = Release|Any CPU
		{33836D48-015D-4B52-897E-EC6C9EC4FF17}.Release|Any CPU.Build.0 = Release|Any CPU
		{33836D48-015D-4B52-897E-EC6C9EC4FF17}.Release|x64.ActiveCfg = Release|Any CPU
		{33836D48-015D-4B52-897E-EC6C9EC4FF17}.Release|x64.Build.0 = Release|Any CPU
		{33836D48-015D-4B52-897E-EC6C9EC4FF17}.Release|x86.ActiveCfg = Release|Any CPU
		{33836D48-015D-4B52-897E-EC6C9EC4FF17}.Release|x86.Build.0 = Release|Any CPU
		{AE8F84EC-7BEB-4BBB-87FE-B02998C67F1B}.Debug|Any CPU.ActiveCfg = Debug|Any CPU
		{AE8F84EC-7BEB-4BBB-87FE-B02998C67F1B}.Debug|Any CPU.Build.0 = Debug|Any CPU
		{AE8F84EC-7BEB-4BBB-87FE-B02998C67F1B}.Debug|x64.ActiveCfg = Debug|Any CPU
		{AE8F84EC-7BEB-4BBB-87FE-B02998C67F1B}.Debug|x64.Build.0 = Debug|Any CPU
		{AE8F84EC-7BEB-4BBB-87FE-B02998C67F1B}.Debug|x86.ActiveCfg = Debug|Any CPU
		{AE8F84EC-7BEB-4BBB-87FE-B02998C67F1B}.Debug|x86.Build.0 = Debug|Any CPU
		{AE8F84EC-7BEB-4BBB-87FE-B02998C67F1B}.Release|Any CPU.ActiveCfg = Release|Any CPU
		{AE8F84EC-7BEB-4BBB-87FE-B02998C67F1B}.Release|Any CPU.Build.0 = Release|Any CPU
		{AE8F84EC-7BEB-4BBB-87FE-B02998C67F1B}.Release|x64.ActiveCfg = Release|Any CPU
		{AE8F84EC-7BEB-4BBB-87FE-B02998C67F1B}.Release|x64.Build.0 = Release|Any CPU
		{AE8F84EC-7BEB-4BBB-87FE-B02998C67F1B}.Release|x86.ActiveCfg = Release|Any CPU
		{AE8F84EC-7BEB-4BBB-87FE-B02998C67F1B}.Release|x86.Build.0 = Release|Any CPU
		{3AFBACA2-02DA-438D-B0B4-1B76F5F1A416}.Debug|Any CPU.ActiveCfg = Debug|Any CPU
		{3AFBACA2-02DA-438D-B0B4-1B76F5F1A416}.Debug|Any CPU.Build.0 = Debug|Any CPU
		{3AFBACA2-02DA-438D-B0B4-1B76F5F1A416}.Debug|x64.ActiveCfg = Debug|Any CPU
		{3AFBACA2-02DA-438D-B0B4-1B76F5F1A416}.Debug|x64.Build.0 = Debug|Any CPU
		{3AFBACA2-02DA-438D-B0B4-1B76F5F1A416}.Debug|x86.ActiveCfg = Debug|Any CPU
		{3AFBACA2-02DA-438D-B0B4-1B76F5F1A416}.Debug|x86.Build.0 = Debug|Any CPU
		{3AFBACA2-02DA-438D-B0B4-1B76F5F1A416}.Release|Any CPU.ActiveCfg = Release|Any CPU
		{3AFBACA2-02DA-438D-B0B4-1B76F5F1A416}.Release|Any CPU.Build.0 = Release|Any CPU
		{3AFBACA2-02DA-438D-B0B4-1B76F5F1A416}.Release|x64.ActiveCfg = Release|Any CPU
		{3AFBACA2-02DA-438D-B0B4-1B76F5F1A416}.Release|x64.Build.0 = Release|Any CPU
		{3AFBACA2-02DA-438D-B0B4-1B76F5F1A416}.Release|x86.ActiveCfg = Release|Any CPU
		{3AFBACA2-02DA-438D-B0B4-1B76F5F1A416}.Release|x86.Build.0 = Release|Any CPU
		{48344F1F-8764-41A1-BF38-96061F671E20}.Debug|Any CPU.ActiveCfg = Debug|Any CPU
		{48344F1F-8764-41A1-BF38-96061F671E20}.Debug|Any CPU.Build.0 = Debug|Any CPU
		{48344F1F-8764-41A1-BF38-96061F671E20}.Debug|x64.ActiveCfg = Debug|Any CPU
		{48344F1F-8764-41A1-BF38-96061F671E20}.Debug|x64.Build.0 = Debug|Any CPU
		{48344F1F-8764-41A1-BF38-96061F671E20}.Debug|x86.ActiveCfg = Debug|Any CPU
		{48344F1F-8764-41A1-BF38-96061F671E20}.Debug|x86.Build.0 = Debug|Any CPU
		{48344F1F-8764-41A1-BF38-96061F671E20}.Release|Any CPU.ActiveCfg = Release|Any CPU
		{48344F1F-8764-41A1-BF38-96061F671E20}.Release|Any CPU.Build.0 = Release|Any CPU
		{48344F1F-8764-41A1-BF38-96061F671E20}.Release|x64.ActiveCfg = Release|Any CPU
		{48344F1F-8764-41A1-BF38-96061F671E20}.Release|x64.Build.0 = Release|Any CPU
		{48344F1F-8764-41A1-BF38-96061F671E20}.Release|x86.ActiveCfg = Release|Any CPU
		{48344F1F-8764-41A1-BF38-96061F671E20}.Release|x86.Build.0 = Release|Any CPU
		{751FB70D-D168-4710-8B22-A48318A7AAC2}.Debug|Any CPU.ActiveCfg = Debug|Any CPU
		{751FB70D-D168-4710-8B22-A48318A7AAC2}.Debug|Any CPU.Build.0 = Debug|Any CPU
		{751FB70D-D168-4710-8B22-A48318A7AAC2}.Debug|x64.ActiveCfg = Debug|Any CPU
		{751FB70D-D168-4710-8B22-A48318A7AAC2}.Debug|x64.Build.0 = Debug|Any CPU
		{751FB70D-D168-4710-8B22-A48318A7AAC2}.Debug|x86.ActiveCfg = Debug|Any CPU
		{751FB70D-D168-4710-8B22-A48318A7AAC2}.Debug|x86.Build.0 = Debug|Any CPU
		{751FB70D-D168-4710-8B22-A48318A7AAC2}.Release|Any CPU.ActiveCfg = Release|Any CPU
		{751FB70D-D168-4710-8B22-A48318A7AAC2}.Release|Any CPU.Build.0 = Release|Any CPU
		{751FB70D-D168-4710-8B22-A48318A7AAC2}.Release|x64.ActiveCfg = Release|Any CPU
		{751FB70D-D168-4710-8B22-A48318A7AAC2}.Release|x64.Build.0 = Release|Any CPU
		{751FB70D-D168-4710-8B22-A48318A7AAC2}.Release|x86.ActiveCfg = Release|Any CPU
		{751FB70D-D168-4710-8B22-A48318A7AAC2}.Release|x86.Build.0 = Release|Any CPU
		{3BCD90BF-C90B-4B46-9B14-A135862CF67B}.Debug|Any CPU.ActiveCfg = Debug|Any CPU
		{3BCD90BF-C90B-4B46-9B14-A135862CF67B}.Debug|Any CPU.Build.0 = Debug|Any CPU
		{3BCD90BF-C90B-4B46-9B14-A135862CF67B}.Debug|x64.ActiveCfg = Debug|Any CPU
		{3BCD90BF-C90B-4B46-9B14-A135862CF67B}.Debug|x64.Build.0 = Debug|Any CPU
		{3BCD90BF-C90B-4B46-9B14-A135862CF67B}.Debug|x86.ActiveCfg = Debug|Any CPU
		{3BCD90BF-C90B-4B46-9B14-A135862CF67B}.Debug|x86.Build.0 = Debug|Any CPU
		{3BCD90BF-C90B-4B46-9B14-A135862CF67B}.Release|Any CPU.ActiveCfg = Release|Any CPU
		{3BCD90BF-C90B-4B46-9B14-A135862CF67B}.Release|Any CPU.Build.0 = Release|Any CPU
		{3BCD90BF-C90B-4B46-9B14-A135862CF67B}.Release|x64.ActiveCfg = Release|Any CPU
		{3BCD90BF-C90B-4B46-9B14-A135862CF67B}.Release|x64.Build.0 = Release|Any CPU
		{3BCD90BF-C90B-4B46-9B14-A135862CF67B}.Release|x86.ActiveCfg = Release|Any CPU
		{3BCD90BF-C90B-4B46-9B14-A135862CF67B}.Release|x86.Build.0 = Release|Any CPU
		{3A02DAAB-7A8F-4A94-B8DF-BE49A57FFB2B}.Debug|Any CPU.ActiveCfg = Debug|Any CPU
		{3A02DAAB-7A8F-4A94-B8DF-BE49A57FFB2B}.Debug|Any CPU.Build.0 = Debug|Any CPU
		{3A02DAAB-7A8F-4A94-B8DF-BE49A57FFB2B}.Debug|x64.ActiveCfg = Debug|Any CPU
		{3A02DAAB-7A8F-4A94-B8DF-BE49A57FFB2B}.Debug|x64.Build.0 = Debug|Any CPU
		{3A02DAAB-7A8F-4A94-B8DF-BE49A57FFB2B}.Debug|x86.ActiveCfg = Debug|Any CPU
		{3A02DAAB-7A8F-4A94-B8DF-BE49A57FFB2B}.Debug|x86.Build.0 = Debug|Any CPU
		{3A02DAAB-7A8F-4A94-B8DF-BE49A57FFB2B}.Release|Any CPU.ActiveCfg = Release|Any CPU
		{3A02DAAB-7A8F-4A94-B8DF-BE49A57FFB2B}.Release|Any CPU.Build.0 = Release|Any CPU
		{3A02DAAB-7A8F-4A94-B8DF-BE49A57FFB2B}.Release|x64.ActiveCfg = Release|Any CPU
		{3A02DAAB-7A8F-4A94-B8DF-BE49A57FFB2B}.Release|x64.Build.0 = Release|Any CPU
		{3A02DAAB-7A8F-4A94-B8DF-BE49A57FFB2B}.Release|x86.ActiveCfg = Release|Any CPU
		{3A02DAAB-7A8F-4A94-B8DF-BE49A57FFB2B}.Release|x86.Build.0 = Release|Any CPU
		{DE6A1EC0-F6E4-4ED0-9437-2C1E04D31121}.Debug|Any CPU.ActiveCfg = Debug|Any CPU
		{DE6A1EC0-F6E4-4ED0-9437-2C1E04D31121}.Debug|Any CPU.Build.0 = Debug|Any CPU
		{DE6A1EC0-F6E4-4ED0-9437-2C1E04D31121}.Debug|x64.ActiveCfg = Debug|Any CPU
		{DE6A1EC0-F6E4-4ED0-9437-2C1E04D31121}.Debug|x64.Build.0 = Debug|Any CPU
		{DE6A1EC0-F6E4-4ED0-9437-2C1E04D31121}.Debug|x86.ActiveCfg = Debug|Any CPU
		{DE6A1EC0-F6E4-4ED0-9437-2C1E04D31121}.Debug|x86.Build.0 = Debug|Any CPU
		{DE6A1EC0-F6E4-4ED0-9437-2C1E04D31121}.Release|Any CPU.ActiveCfg = Release|Any CPU
		{DE6A1EC0-F6E4-4ED0-9437-2C1E04D31121}.Release|Any CPU.Build.0 = Release|Any CPU
		{DE6A1EC0-F6E4-4ED0-9437-2C1E04D31121}.Release|x64.ActiveCfg = Release|Any CPU
		{DE6A1EC0-F6E4-4ED0-9437-2C1E04D31121}.Release|x64.Build.0 = Release|Any CPU
		{DE6A1EC0-F6E4-4ED0-9437-2C1E04D31121}.Release|x86.ActiveCfg = Release|Any CPU
		{DE6A1EC0-F6E4-4ED0-9437-2C1E04D31121}.Release|x86.Build.0 = Release|Any CPU
		{DA5E5B2E-453C-4C73-92FE-E5C56A45F1EA}.Debug|Any CPU.ActiveCfg = Debug|Any CPU
		{DA5E5B2E-453C-4C73-92FE-E5C56A45F1EA}.Debug|Any CPU.Build.0 = Debug|Any CPU
		{DA5E5B2E-453C-4C73-92FE-E5C56A45F1EA}.Debug|x64.ActiveCfg = Debug|Any CPU
		{DA5E5B2E-453C-4C73-92FE-E5C56A45F1EA}.Debug|x64.Build.0 = Debug|Any CPU
		{DA5E5B2E-453C-4C73-92FE-E5C56A45F1EA}.Debug|x86.ActiveCfg = Debug|Any CPU
		{DA5E5B2E-453C-4C73-92FE-E5C56A45F1EA}.Debug|x86.Build.0 = Debug|Any CPU
		{DA5E5B2E-453C-4C73-92FE-E5C56A45F1EA}.Release|Any CPU.ActiveCfg = Release|Any CPU
		{DA5E5B2E-453C-4C73-92FE-E5C56A45F1EA}.Release|Any CPU.Build.0 = Release|Any CPU
		{DA5E5B2E-453C-4C73-92FE-E5C56A45F1EA}.Release|x64.ActiveCfg = Release|Any CPU
		{DA5E5B2E-453C-4C73-92FE-E5C56A45F1EA}.Release|x64.Build.0 = Release|Any CPU
		{DA5E5B2E-453C-4C73-92FE-E5C56A45F1EA}.Release|x86.ActiveCfg = Release|Any CPU
		{DA5E5B2E-453C-4C73-92FE-E5C56A45F1EA}.Release|x86.Build.0 = Release|Any CPU
	EndGlobalSection
	GlobalSection(SolutionProperties) = preSolution
		HideSolutionNode = FALSE
	EndGlobalSection
	GlobalSection(NestedProjects) = preSolution
		{F83202C6-2E99-408C-BF74-EFEA3D248978} = {8380246F-1835-4987-8DC9-9381B11D1AD6}
		{33836D48-015D-4B52-897E-EC6C9EC4FF17} = {BDE1D9D5-C13B-499B-817E-E1A86AD99C41}
		{2581DD49-E26A-4AC0-BF88-2D0EB507755A} = {BDE1D9D5-C13B-499B-817E-E1A86AD99C41}
		{AE8F84EC-7BEB-4BBB-87FE-B02998C67F1B} = {2581DD49-E26A-4AC0-BF88-2D0EB507755A}
		{3AFBACA2-02DA-438D-B0B4-1B76F5F1A416} = {BDE1D9D5-C13B-499B-817E-E1A86AD99C41}
		{CBA94752-B61C-4F14-B2C4-623EEE4AD5B1} = {BDE1D9D5-C13B-499B-817E-E1A86AD99C41}
		{48344F1F-8764-41A1-BF38-96061F671E20} = {CBA94752-B61C-4F14-B2C4-623EEE4AD5B1}
		{D1620F2F-D210-FF89-0DD7-FEB45FD45674} = {BDE1D9D5-C13B-499B-817E-E1A86AD99C41}
		{751FB70D-D168-4710-8B22-A48318A7AAC2} = {D1620F2F-D210-FF89-0DD7-FEB45FD45674}
		{6B116ED4-29B4-36D7-C5AD-A5AA32624663} = {D1620F2F-D210-FF89-0DD7-FEB45FD45674}
		{3BCD90BF-C90B-4B46-9B14-A135862CF67B} = {6B116ED4-29B4-36D7-C5AD-A5AA32624663}
		{C25AD4E7-8F91-0FD8-D560-B3F5F78B8D1F} = {BDE1D9D5-C13B-499B-817E-E1A86AD99C41}
		{3A02DAAB-7A8F-4A94-B8DF-BE49A57FFB2B} = {C25AD4E7-8F91-0FD8-D560-B3F5F78B8D1F}
		{EE113FCA-78A4-F4FD-9E27-249A7DD2D541} = {C25AD4E7-8F91-0FD8-D560-B3F5F78B8D1F}
		{DE6A1EC0-F6E4-4ED0-9437-2C1E04D31121} = {EE113FCA-78A4-F4FD-9E27-249A7DD2D541}
		{12074437-40DE-1E74-BBCA-2B99F32BF441} = {8380246F-1835-4987-8DC9-9381B11D1AD6}
		{29899D93-4FB7-D15A-8849-109469AC32B8} = {12074437-40DE-1E74-BBCA-2B99F32BF441}
		{DA5E5B2E-453C-4C73-92FE-E5C56A45F1EA} = {29899D93-4FB7-D15A-8849-109469AC32B8}
	EndGlobalSection
EndGlobal
